// !$*UTF8*$!
{
	archiveVersion = 1;
	classes = {
	};
	objectVersion = 56;
	objects = {

/* Begin PBXBuildFile section */
		0FE3B36A2A7554BD00C1055F /* AppDelegate.swift in Sources */ = {isa = PBXBuildFile; fileRef = 0FE3B3692A7554BD00C1055F /* AppDelegate.swift */; };
		0FE3B36E2A7554BD00C1055F /* MainViewController.swift in Sources */ = {isa = PBXBuildFile; fileRef = 0FE3B36D2A7554BD00C1055F /* MainViewController.swift */; };
		0FE3B3732A7554BF00C1055F /* Assets.xcassets in Resources */ = {isa = PBXBuildFile; fileRef = 0FE3B3722A7554BF00C1055F /* Assets.xcassets */; };
		0FE3B3762A7554BF00C1055F /* LaunchScreen.storyboard in Resources */ = {isa = PBXBuildFile; fileRef = 0FE3B3742A7554BF00C1055F /* LaunchScreen.storyboard */; };
		0FE3B3802A75580600C1055F /* Observable.swift in Sources */ = {isa = PBXBuildFile; fileRef = 0FE3B37F2A75580600C1055F /* Observable.swift */; };
		0FE3B3832A75584300C1055F /* NetworkConstant.swift in Sources */ = {isa = PBXBuildFile; fileRef = 0FE3B3822A75584300C1055F /* NetworkConstant.swift */; };
		0FE3B3852A75587500C1055F /* APICaller.swift in Sources */ = {isa = PBXBuildFile; fileRef = 0FE3B3842A75587500C1055F /* APICaller.swift */; };
		0FE3B3892A75597C00C1055F /* MovieData.swift in Sources */ = {isa = PBXBuildFile; fileRef = 0FE3B3882A75597C00C1055F /* MovieData.swift */; };
		0FE3B38D2A755C4E00C1055F /* extension+UiImage.swift in Sources */ = {isa = PBXBuildFile; fileRef = 0FE3B38C2A755C4E00C1055F /* extension+UiImage.swift */; };
		0FE3B38F2A755C6B00C1055F /* ThemeColor.swift in Sources */ = {isa = PBXBuildFile; fileRef = 0FE3B38E2A755C6B00C1055F /* ThemeColor.swift */; };
		0FE3B3912A755C8900C1055F /* ThemeFont.swift in Sources */ = {isa = PBXBuildFile; fileRef = 0FE3B3902A755C8900C1055F /* ThemeFont.swift */; };
		0FE3B3932A755CA500C1055F /* LabelFactory.swift in Sources */ = {isa = PBXBuildFile; fileRef = 0FE3B3922A755CA500C1055F /* LabelFactory.swift */; };
		0FE3B3952A755CC100C1055F /* UIColor+Extension.swift in Sources */ = {isa = PBXBuildFile; fileRef = 0FE3B3942A755CC100C1055F /* UIColor+Extension.swift */; };
		0FE3B39A2A755E0600C1055F /* MovieHeaderVC.swift in Sources */ = {isa = PBXBuildFile; fileRef = 0FE3B3992A755E0600C1055F /* MovieHeaderVC.swift */; };
		0FE3B39F2A75614200C1055F /* MainViewController+TableView.swift in Sources */ = {isa = PBXBuildFile; fileRef = 0FE3B39E2A75614200C1055F /* MainViewController+TableView.swift */; };
		0FE3B3A12A75640A00C1055F /* MovieHeaderVC.xib in Resources */ = {isa = PBXBuildFile; fileRef = 0FE3B3A02A75640A00C1055F /* MovieHeaderVC.xib */; };
		0FE3B3A42A75665600C1055F /* MovieCell.swift in Sources */ = {isa = PBXBuildFile; fileRef = 0FE3B3A32A75665600C1055F /* MovieCell.swift */; };
		0FE3B3A62A7578AF00C1055F /* MainViewModel.swift in Sources */ = {isa = PBXBuildFile; fileRef = 0FE3B3A52A7578AF00C1055F /* MainViewModel.swift */; };
		0FE3B3A82A75868700C1055F /* MovieTableViewCellModel.swift in Sources */ = {isa = PBXBuildFile; fileRef = 0FE3B3A72A75868700C1055F /* MovieTableViewCellModel.swift */; };
		0FE3B3AD2A75C33F00C1055F /* MovieDetailsViewModel.swift in Sources */ = {isa = PBXBuildFile; fileRef = 0FE3B3AC2A75C33F00C1055F /* MovieDetailsViewModel.swift */; };
		0FE3B3AF2A75C72500C1055F /* MovieDetailsView.swift in Sources */ = {isa = PBXBuildFile; fileRef = 0FE3B3AE2A75C72500C1055F /* MovieDetailsView.swift */; };
		0FE3B3B12A75C77900C1055F /* MovieDetailsViewController.swift in Sources */ = {isa = PBXBuildFile; fileRef = 0FE3B3B02A75C77900C1055F /* MovieDetailsViewController.swift */; };
		0FE3B3B62A77360300C1055F /* OnboardingContainerViewController.swift in Sources */ = {isa = PBXBuildFile; fileRef = 0FE3B3B52A77360300C1055F /* OnboardingContainerViewController.swift */; };
		0FE3B3B82A77373800C1055F /* OnboardingViewController.swift in Sources */ = {isa = PBXBuildFile; fileRef = 0FE3B3B72A77373800C1055F /* OnboardingViewController.swift */; };
		0FE3B3BA2A773D6200C1055F /* LocaleState.swift in Sources */ = {isa = PBXBuildFile; fileRef = 0FE3B3B92A773D6200C1055F /* LocaleState.swift */; };
		0FE3B3BC2A77D78A00C1055F /* extension+UIViewController.swift in Sources */ = {isa = PBXBuildFile; fileRef = 0FE3B3BB2A77D78A00C1055F /* extension+UIViewController.swift */; };
		0FE3B3BE2A77D85A00C1055F /* MainVC.swift in Sources */ = {isa = PBXBuildFile; fileRef = 0FE3B3BD2A77D85A00C1055F /* MainVC.swift */; };
/* End PBXBuildFile section */

/* Begin PBXFileReference section */
		0FE3B3662A7554BD00C1055F /* Movie-Swift.app */ = {isa = PBXFileReference; explicitFileType = wrapper.application; includeInIndex = 0; path = "Movie-Swift.app"; sourceTree = BUILT_PRODUCTS_DIR; };
		0FE3B3692A7554BD00C1055F /* AppDelegate.swift */ = {isa = PBXFileReference; lastKnownFileType = sourcecode.swift; path = AppDelegate.swift; sourceTree = "<group>"; };
		0FE3B36D2A7554BD00C1055F /* MainViewController.swift */ = {isa = PBXFileReference; lastKnownFileType = sourcecode.swift; path = MainViewController.swift; sourceTree = "<group>"; };
		0FE3B3722A7554BF00C1055F /* Assets.xcassets */ = {isa = PBXFileReference; lastKnownFileType = folder.assetcatalog; path = Assets.xcassets; sourceTree = "<group>"; };
		0FE3B3752A7554BF00C1055F /* Base */ = {isa = PBXFileReference; lastKnownFileType = file.storyboard; name = Base; path = Base.lproj/LaunchScreen.storyboard; sourceTree = "<group>"; };
		0FE3B3772A7554BF00C1055F /* Info.plist */ = {isa = PBXFileReference; lastKnownFileType = text.plist.xml; path = Info.plist; sourceTree = "<group>"; };
		0FE3B37F2A75580600C1055F /* Observable.swift */ = {isa = PBXFileReference; lastKnownFileType = sourcecode.swift; path = Observable.swift; sourceTree = "<group>"; };
		0FE3B3822A75584300C1055F /* NetworkConstant.swift */ = {isa = PBXFileReference; lastKnownFileType = sourcecode.swift; path = NetworkConstant.swift; sourceTree = "<group>"; };
		0FE3B3842A75587500C1055F /* APICaller.swift */ = {isa = PBXFileReference; lastKnownFileType = sourcecode.swift; path = APICaller.swift; sourceTree = "<group>"; };
		0FE3B3882A75597C00C1055F /* MovieData.swift */ = {isa = PBXFileReference; lastKnownFileType = sourcecode.swift; path = MovieData.swift; sourceTree = "<group>"; };
		0FE3B38C2A755C4E00C1055F /* extension+UiImage.swift */ = {isa = PBXFileReference; lastKnownFileType = sourcecode.swift; path = "extension+UiImage.swift"; sourceTree = "<group>"; };
		0FE3B38E2A755C6B00C1055F /* ThemeColor.swift */ = {isa = PBXFileReference; lastKnownFileType = sourcecode.swift; path = ThemeColor.swift; sourceTree = "<group>"; };
		0FE3B3902A755C8900C1055F /* ThemeFont.swift */ = {isa = PBXFileReference; lastKnownFileType = sourcecode.swift; path = ThemeFont.swift; sourceTree = "<group>"; };
		0FE3B3922A755CA500C1055F /* LabelFactory.swift */ = {isa = PBXFileReference; lastKnownFileType = sourcecode.swift; path = LabelFactory.swift; sourceTree = "<group>"; };
		0FE3B3942A755CC100C1055F /* UIColor+Extension.swift */ = {isa = PBXFileReference; lastKnownFileType = sourcecode.swift; path = "UIColor+Extension.swift"; sourceTree = "<group>"; };
		0FE3B3992A755E0600C1055F /* MovieHeaderVC.swift */ = {isa = PBXFileReference; lastKnownFileType = sourcecode.swift; path = MovieHeaderVC.swift; sourceTree = "<group>"; };
		0FE3B39E2A75614200C1055F /* MainViewController+TableView.swift */ = {isa = PBXFileReference; lastKnownFileType = sourcecode.swift; path = "MainViewController+TableView.swift"; sourceTree = "<group>"; };
		0FE3B3A02A75640A00C1055F /* MovieHeaderVC.xib */ = {isa = PBXFileReference; lastKnownFileType = file.xib; path = MovieHeaderVC.xib; sourceTree = "<group>"; };
		0FE3B3A32A75665600C1055F /* MovieCell.swift */ = {isa = PBXFileReference; lastKnownFileType = sourcecode.swift; path = MovieCell.swift; sourceTree = "<group>"; };
		0FE3B3A52A7578AF00C1055F /* MainViewModel.swift */ = {isa = PBXFileReference; lastKnownFileType = sourcecode.swift; path = MainViewModel.swift; sourceTree = "<group>"; };
		0FE3B3A72A75868700C1055F /* MovieTableViewCellModel.swift */ = {isa = PBXFileReference; lastKnownFileType = sourcecode.swift; path = MovieTableViewCellModel.swift; sourceTree = "<group>"; };
		0FE3B3AC2A75C33F00C1055F /* MovieDetailsViewModel.swift */ = {isa = PBXFileReference; lastKnownFileType = sourcecode.swift; path = MovieDetailsViewModel.swift; sourceTree = "<group>"; };
		0FE3B3AE2A75C72500C1055F /* MovieDetailsView.swift */ = {isa = PBXFileReference; lastKnownFileType = sourcecode.swift; path = MovieDetailsView.swift; sourceTree = "<group>"; };
		0FE3B3B02A75C77900C1055F /* MovieDetailsViewController.swift */ = {isa = PBXFileReference; lastKnownFileType = sourcecode.swift; path = MovieDetailsViewController.swift; sourceTree = "<group>"; };
		0FE3B3B52A77360300C1055F /* OnboardingContainerViewController.swift */ = {isa = PBXFileReference; lastKnownFileType = sourcecode.swift; path = OnboardingContainerViewController.swift; sourceTree = "<group>"; };
		0FE3B3B72A77373800C1055F /* OnboardingViewController.swift */ = {isa = PBXFileReference; lastKnownFileType = sourcecode.swift; path = OnboardingViewController.swift; sourceTree = "<group>"; };
		0FE3B3B92A773D6200C1055F /* LocaleState.swift */ = {isa = PBXFileReference; lastKnownFileType = sourcecode.swift; path = LocaleState.swift; sourceTree = "<group>"; };
		0FE3B3BB2A77D78A00C1055F /* extension+UIViewController.swift */ = {isa = PBXFileReference; lastKnownFileType = sourcecode.swift; path = "extension+UIViewController.swift"; sourceTree = "<group>"; };
		0FE3B3BD2A77D85A00C1055F /* MainVC.swift */ = {isa = PBXFileReference; lastKnownFileType = sourcecode.swift; path = MainVC.swift; sourceTree = "<group>"; };
/* End PBXFileReference section */

/* Begin PBXFrameworksBuildPhase section */
		0FE3B3632A7554BD00C1055F /* Frameworks */ = {
			isa = PBXFrameworksBuildPhase;
			buildActionMask = 2147483647;
			files = (
			);
			runOnlyForDeploymentPostprocessing = 0;
		};
/* End PBXFrameworksBuildPhase section */

/* Begin PBXGroup section */
		0FE3B35D2A7554BD00C1055F = {
			isa = PBXGroup;
			children = (
				0FE3B3682A7554BD00C1055F /* Movie-Swift */,
				0FE3B3672A7554BD00C1055F /* Products */,
			);
			sourceTree = "<group>";
		};
		0FE3B3672A7554BD00C1055F /* Products */ = {
			isa = PBXGroup;
			children = (
				0FE3B3662A7554BD00C1055F /* Movie-Swift.app */,
			);
			name = Products;
			sourceTree = "<group>";
		};
		0FE3B3682A7554BD00C1055F /* Movie-Swift */ = {
			isa = PBXGroup;
			children = (
				0FE3B3692A7554BD00C1055F /* AppDelegate.swift */,
				0FE3B3B42A7735CA00C1055F /* Onboarding */,
				0FE3B3BD2A77D85A00C1055F /* MainVC.swift */,
				0FE3B3982A755DE100C1055F /* MainView */,
				0FE3B3A92A75C30100C1055F /* DetailView */,
				0FE3B38B2A755BFC00C1055F /* Config */,
				0FE3B37E2A7557F400C1055F /* Class */,
				0FE3B3812A75582400C1055F /* Network */,
				0FE3B3862A75594A00C1055F /* Model */,
				0FE3B3872A75595600C1055F /* ViewModel */,
				0FE3B37D2A7557D600C1055F /* Files */,
				0FE3B3772A7554BF00C1055F /* Info.plist */,
			);
			path = "Movie-Swift";
			sourceTree = "<group>";
		};
		0FE3B37D2A7557D600C1055F /* Files */ = {
			isa = PBXGroup;
			children = (
				0FE3B3722A7554BF00C1055F /* Assets.xcassets */,
				0FE3B3742A7554BF00C1055F /* LaunchScreen.storyboard */,
			);
			path = Files;
			sourceTree = "<group>";
		};
		0FE3B37E2A7557F400C1055F /* Class */ = {
			isa = PBXGroup;
			children = (
				0FE3B37F2A75580600C1055F /* Observable.swift */,
			);
			path = Class;
			sourceTree = "<group>";
		};
		0FE3B3812A75582400C1055F /* Network */ = {
			isa = PBXGroup;
			children = (
				0FE3B3822A75584300C1055F /* NetworkConstant.swift */,
				0FE3B3842A75587500C1055F /* APICaller.swift */,
			);
			path = Network;
			sourceTree = "<group>";
		};
		0FE3B3862A75594A00C1055F /* Model */ = {
			isa = PBXGroup;
			children = (
				0FE3B3882A75597C00C1055F /* MovieData.swift */,
			);
			path = Model;
			sourceTree = "<group>";
		};
		0FE3B3872A75595600C1055F /* ViewModel */ = {
			isa = PBXGroup;
			children = (
				0FE3B3A52A7578AF00C1055F /* MainViewModel.swift */,
				0FE3B3A72A75868700C1055F /* MovieTableViewCellModel.swift */,
				0FE3B3AC2A75C33F00C1055F /* MovieDetailsViewModel.swift */,
			);
			path = ViewModel;
			sourceTree = "<group>";
		};
		0FE3B38B2A755BFC00C1055F /* Config */ = {
			isa = PBXGroup;
			children = (
				0FE3B38C2A755C4E00C1055F /* extension+UiImage.swift */,
				0FE3B38E2A755C6B00C1055F /* ThemeColor.swift */,
				0FE3B3902A755C8900C1055F /* ThemeFont.swift */,
				0FE3B3922A755CA500C1055F /* LabelFactory.swift */,
				0FE3B3942A755CC100C1055F /* UIColor+Extension.swift */,
				0FE3B3B92A773D6200C1055F /* LocaleState.swift */,
				0FE3B3BB2A77D78A00C1055F /* extension+UIViewController.swift */,
			);
			path = Config;
			sourceTree = "<group>";
		};
		0FE3B3982A755DE100C1055F /* MainView */ = {
			isa = PBXGroup;
			children = (
				0FE3B36D2A7554BD00C1055F /* MainViewController.swift */,
				0FE3B39E2A75614200C1055F /* MainViewController+TableView.swift */,
				0FE3B39B2A755E6400C1055F /* Header */,
				0FE3B3A22A75663B00C1055F /* Cells */,
			);
			path = MainView;
			sourceTree = "<group>";
		};
		0FE3B39B2A755E6400C1055F /* Header */ = {
			isa = PBXGroup;
			children = (
				0FE3B3992A755E0600C1055F /* MovieHeaderVC.swift */,
				0FE3B3A02A75640A00C1055F /* MovieHeaderVC.xib */,
			);
			path = Header;
			sourceTree = "<group>";
		};
		0FE3B3A22A75663B00C1055F /* Cells */ = {
			isa = PBXGroup;
			children = (
				0FE3B3A32A75665600C1055F /* MovieCell.swift */,
			);
			path = Cells;
			sourceTree = "<group>";
		};
		0FE3B3A92A75C30100C1055F /* DetailView */ = {
			isa = PBXGroup;
			children = (
				0FE3B3AE2A75C72500C1055F /* MovieDetailsView.swift */,
				0FE3B3B02A75C77900C1055F /* MovieDetailsViewController.swift */,
			);
			path = DetailView;
			sourceTree = "<group>";
		};
		0FE3B3B42A7735CA00C1055F /* Onboarding */ = {
			isa = PBXGroup;
			children = (
				0FE3B3B52A77360300C1055F /* OnboardingContainerViewController.swift */,
				0FE3B3B72A77373800C1055F /* OnboardingViewController.swift */,
			);
			path = Onboarding;
			sourceTree = "<group>";
		};
/* End PBXGroup section */

/* Begin PBXNativeTarget section */
		0FE3B3652A7554BD00C1055F /* Movie-Swift */ = {
			isa = PBXNativeTarget;
			buildConfigurationList = 0FE3B37A2A7554BF00C1055F /* Build configuration list for PBXNativeTarget "Movie-Swift" */;
			buildPhases = (
				0FE3B3622A7554BD00C1055F /* Sources */,
				0FE3B3632A7554BD00C1055F /* Frameworks */,
				0FE3B3642A7554BD00C1055F /* Resources */,
			);
			buildRules = (
			);
			dependencies = (
			);
			name = "Movie-Swift";
			productName = "Movie-Swift";
			productReference = 0FE3B3662A7554BD00C1055F /* Movie-Swift.app */;
			productType = "com.apple.product-type.application";
		};
/* End PBXNativeTarget section */

/* Begin PBXProject section */
		0FE3B35E2A7554BD00C1055F /* Project object */ = {
			isa = PBXProject;
			attributes = {
				BuildIndependentTargetsInParallel = 1;
				LastSwiftUpdateCheck = 1430;
				LastUpgradeCheck = 1430;
				TargetAttributes = {
					0FE3B3652A7554BD00C1055F = {
						CreatedOnToolsVersion = 14.3.1;
					};
				};
			};
			buildConfigurationList = 0FE3B3612A7554BD00C1055F /* Build configuration list for PBXProject "Movie-Swift" */;
			compatibilityVersion = "Xcode 14.0";
			developmentRegion = en;
			hasScannedForEncodings = 0;
			knownRegions = (
				en,
				Base,
			);
			mainGroup = 0FE3B35D2A7554BD00C1055F;
			productRefGroup = 0FE3B3672A7554BD00C1055F /* Products */;
			projectDirPath = "";
			projectRoot = "";
			targets = (
				0FE3B3652A7554BD00C1055F /* Movie-Swift */,
			);
		};
/* End PBXProject section */

/* Begin PBXResourcesBuildPhase section */
		0FE3B3642A7554BD00C1055F /* Resources */ = {
			isa = PBXResourcesBuildPhase;
			buildActionMask = 2147483647;
			files = (
				0FE3B3762A7554BF00C1055F /* LaunchScreen.storyboard in Resources */,
				0FE3B3732A7554BF00C1055F /* Assets.xcassets in Resources */,
				0FE3B3A12A75640A00C1055F /* MovieHeaderVC.xib in Resources */,
			);
			runOnlyForDeploymentPostprocessing = 0;
		};
/* End PBXResourcesBuildPhase section */

/* Begin PBXSourcesBuildPhase section */
		0FE3B3622A7554BD00C1055F /* Sources */ = {
			isa = PBXSourcesBuildPhase;
			buildActionMask = 2147483647;
			files = (
				0FE3B3B12A75C77900C1055F /* MovieDetailsViewController.swift in Sources */,
				0FE3B3892A75597C00C1055F /* MovieData.swift in Sources */,
				0FE3B3832A75584300C1055F /* NetworkConstant.swift in Sources */,
				0FE3B36E2A7554BD00C1055F /* MainViewController.swift in Sources */,
				0FE3B3A82A75868700C1055F /* MovieTableViewCellModel.swift in Sources */,
				0FE3B3AF2A75C72500C1055F /* MovieDetailsView.swift in Sources */,
				0FE3B3BE2A77D85A00C1055F /* MainVC.swift in Sources */,
				0FE3B3952A755CC100C1055F /* UIColor+Extension.swift in Sources */,
				0FE3B39A2A755E0600C1055F /* MovieHeaderVC.swift in Sources */,
				0FE3B3BC2A77D78A00C1055F /* extension+UIViewController.swift in Sources */,
				0FE3B3932A755CA500C1055F /* LabelFactory.swift in Sources */,
				0FE3B3B82A77373800C1055F /* OnboardingViewController.swift in Sources */,
				0FE3B3AD2A75C33F00C1055F /* MovieDetailsViewModel.swift in Sources */,
				0FE3B3912A755C8900C1055F /* ThemeFont.swift in Sources */,
				0FE3B38D2A755C4E00C1055F /* extension+UiImage.swift in Sources */,
				0FE3B3A42A75665600C1055F /* MovieCell.swift in Sources */,
				0FE3B3B62A77360300C1055F /* OnboardingContainerViewController.swift in Sources */,
				0FE3B39F2A75614200C1055F /* MainViewController+TableView.swift in Sources */,
				0FE3B3802A75580600C1055F /* Observable.swift in Sources */,
				0FE3B38F2A755C6B00C1055F /* ThemeColor.swift in Sources */,
				0FE3B3852A75587500C1055F /* APICaller.swift in Sources */,
				0FE3B36A2A7554BD00C1055F /* AppDelegate.swift in Sources */,
				0FE3B3BA2A773D6200C1055F /* LocaleState.swift in Sources */,
				0FE3B3A62A7578AF00C1055F /* MainViewModel.swift in Sources */,
			);
			runOnlyForDeploymentPostprocessing = 0;
		};
/* End PBXSourcesBuildPhase section */

/* Begin PBXVariantGroup section */
		0FE3B3742A7554BF00C1055F /* LaunchScreen.storyboard */ = {
			isa = PBXVariantGroup;
			children = (
				0FE3B3752A7554BF00C1055F /* Base */,
			);
			name = LaunchScreen.storyboard;
			sourceTree = "<group>";
		};
/* End PBXVariantGroup section */

/* Begin XCBuildConfiguration section */
		0FE3B3782A7554BF00C1055F /* Debug */ = {
			isa = XCBuildConfiguration;
			buildSettings = {
				ALWAYS_SEARCH_USER_PATHS = NO;
				CLANG_ANALYZER_NONNULL = YES;
				CLANG_ANALYZER_NUMBER_OBJECT_CONVERSION = YES_AGGRESSIVE;
				CLANG_CXX_LANGUAGE_STANDARD = "gnu++20";
				CLANG_ENABLE_MODULES = YES;
				CLANG_ENABLE_OBJC_ARC = YES;
				CLANG_ENABLE_OBJC_WEAK = YES;
				CLANG_WARN_BLOCK_CAPTURE_AUTORELEASING = YES;
				CLANG_WARN_BOOL_CONVERSION = YES;
				CLANG_WARN_COMMA = YES;
				CLANG_WARN_CONSTANT_CONVERSION = YES;
				CLANG_WARN_DEPRECATED_OBJC_IMPLEMENTATIONS = YES;
				CLANG_WARN_DIRECT_OBJC_ISA_USAGE = YES_ERROR;
				CLANG_WARN_DOCUMENTATION_COMMENTS = YES;
				CLANG_WARN_EMPTY_BODY = YES;
				CLANG_WARN_ENUM_CONVERSION = YES;
				CLANG_WARN_INFINITE_RECURSION = YES;
				CLANG_WARN_INT_CONVERSION = YES;
				CLANG_WARN_NON_LITERAL_NULL_CONVERSION = YES;
				CLANG_WARN_OBJC_IMPLICIT_RETAIN_SELF = YES;
				CLANG_WARN_OBJC_LITERAL_CONVERSION = YES;
				CLANG_WARN_OBJC_ROOT_CLASS = YES_ERROR;
				CLANG_WARN_QUOTED_INCLUDE_IN_FRAMEWORK_HEADER = YES;
				CLANG_WARN_RANGE_LOOP_ANALYSIS = YES;
				CLANG_WARN_STRICT_PROTOTYPES = YES;
				CLANG_WARN_SUSPICIOUS_MOVE = YES;
				CLANG_WARN_UNGUARDED_AVAILABILITY = YES_AGGRESSIVE;
				CLANG_WARN_UNREACHABLE_CODE = YES;
				CLANG_WARN__DUPLICATE_METHOD_MATCH = YES;
				COPY_PHASE_STRIP = NO;
				DEBUG_INFORMATION_FORMAT = dwarf;
				ENABLE_STRICT_OBJC_MSGSEND = YES;
				ENABLE_TESTABILITY = YES;
				GCC_C_LANGUAGE_STANDARD = gnu11;
				GCC_DYNAMIC_NO_PIC = NO;
				GCC_NO_COMMON_BLOCKS = YES;
				GCC_OPTIMIZATION_LEVEL = 0;
				GCC_PREPROCESSOR_DEFINITIONS = (
					"DEBUG=1",
					"$(inherited)",
				);
				GCC_WARN_64_TO_32_BIT_CONVERSION = YES;
				GCC_WARN_ABOUT_RETURN_TYPE = YES_ERROR;
				GCC_WARN_UNDECLARED_SELECTOR = YES;
				GCC_WARN_UNINITIALIZED_AUTOS = YES_AGGRESSIVE;
				GCC_WARN_UNUSED_FUNCTION = YES;
				GCC_WARN_UNUSED_VARIABLE = YES;
				IPHONEOS_DEPLOYMENT_TARGET = 16.4;
				MTL_ENABLE_DEBUG_INFO = INCLUDE_SOURCE;
				MTL_FAST_MATH = YES;
				ONLY_ACTIVE_ARCH = YES;
				SDKROOT = iphoneos;
				SWIFT_ACTIVE_COMPILATION_CONDITIONS = DEBUG;
				SWIFT_OPTIMIZATION_LEVEL = "-Onone";
			};
			name = Debug;
		};
		0FE3B3792A7554BF00C1055F /* Release */ = {
			isa = XCBuildConfiguration;
			buildSettings = {
				ALWAYS_SEARCH_USER_PATHS = NO;
				CLANG_ANALYZER_NONNULL = YES;
				CLANG_ANALYZER_NUMBER_OBJECT_CONVERSION = YES_AGGRESSIVE;
				CLANG_CXX_LANGUAGE_STANDARD = "gnu++20";
				CLANG_ENABLE_MODULES = YES;
				CLANG_ENABLE_OBJC_ARC = YES;
				CLANG_ENABLE_OBJC_WEAK = YES;
				CLANG_WARN_BLOCK_CAPTURE_AUTORELEASING = YES;
				CLANG_WARN_BOOL_CONVERSION = YES;
				CLANG_WARN_COMMA = YES;
				CLANG_WARN_CONSTANT_CONVERSION = YES;
				CLANG_WARN_DEPRECATED_OBJC_IMPLEMENTATIONS = YES;
				CLANG_WARN_DIRECT_OBJC_ISA_USAGE = YES_ERROR;
				CLANG_WARN_DOCUMENTATION_COMMENTS = YES;
				CLANG_WARN_EMPTY_BODY = YES;
				CLANG_WARN_ENUM_CONVERSION = YES;
				CLANG_WARN_INFINITE_RECURSION = YES;
				CLANG_WARN_INT_CONVERSION = YES;
				CLANG_WARN_NON_LITERAL_NULL_CONVERSION = YES;
				CLANG_WARN_OBJC_IMPLICIT_RETAIN_SELF = YES;
				CLANG_WARN_OBJC_LITERAL_CONVERSION = YES;
				CLANG_WARN_OBJC_ROOT_CLASS = YES_ERROR;
				CLANG_WARN_QUOTED_INCLUDE_IN_FRAMEWORK_HEADER = YES;
				CLANG_WARN_RANGE_LOOP_ANALYSIS = YES;
				CLANG_WARN_STRICT_PROTOTYPES = YES;
				CLANG_WARN_SUSPICIOUS_MOVE = YES;
				CLANG_WARN_UNGUARDED_AVAILABILITY = YES_AGGRESSIVE;
				CLANG_WARN_UNREACHABLE_CODE = YES;
				CLANG_WARN__DUPLICATE_METHOD_MATCH = YES;
				COPY_PHASE_STRIP = NO;
				DEBUG_INFORMATION_FORMAT = "dwarf-with-dsym";
				ENABLE_NS_ASSERTIONS = NO;
				ENABLE_STRICT_OBJC_MSGSEND = YES;
				GCC_C_LANGUAGE_STANDARD = gnu11;
				GCC_NO_COMMON_BLOCKS = YES;
				GCC_WARN_64_TO_32_BIT_CONVERSION = YES;
				GCC_WARN_ABOUT_RETURN_TYPE = YES_ERROR;
				GCC_WARN_UNDECLARED_SELECTOR = YES;
				GCC_WARN_UNINITIALIZED_AUTOS = YES_AGGRESSIVE;
				GCC_WARN_UNUSED_FUNCTION = YES;
				GCC_WARN_UNUSED_VARIABLE = YES;
				IPHONEOS_DEPLOYMENT_TARGET = 16.4;
				MTL_ENABLE_DEBUG_INFO = NO;
				MTL_FAST_MATH = YES;
				SDKROOT = iphoneos;
				SWIFT_COMPILATION_MODE = wholemodule;
				SWIFT_OPTIMIZATION_LEVEL = "-O";
				VALIDATE_PRODUCT = YES;
			};
			name = Release;
		};
		0FE3B37B2A7554BF00C1055F /* Debug */ = {
			isa = XCBuildConfiguration;
			buildSettings = {
				ASSETCATALOG_COMPILER_APPICON_NAME = AppIcon;
				ASSETCATALOG_COMPILER_GLOBAL_ACCENT_COLOR_NAME = AccentColor;
				CODE_SIGN_STYLE = Automatic;
				CURRENT_PROJECT_VERSION = 1;
				DEVELOPMENT_TEAM = CZB6KCVD66;
				GENERATE_INFOPLIST_FILE = YES;
				INFOPLIST_FILE = "Movie-Swift/Info.plist";
				INFOPLIST_KEY_UIApplicationSupportsIndirectInputEvents = YES;
				INFOPLIST_KEY_UILaunchStoryboardName = LaunchScreen;
				INFOPLIST_KEY_UISupportedInterfaceOrientations_iPad = "UIInterfaceOrientationPortrait UIInterfaceOrientationPortraitUpsideDown UIInterfaceOrientationLandscapeLeft UIInterfaceOrientationLandscapeRight";
				INFOPLIST_KEY_UISupportedInterfaceOrientations_iPhone = "UIInterfaceOrientationPortrait UIInterfaceOrientationLandscapeLeft UIInterfaceOrientationLandscapeRight";
				LD_RUNPATH_SEARCH_PATHS = (
					"$(inherited)",
					"@executable_path/Frameworks",
				);
				MARKETING_VERSION = 1.0;
				PRODUCT_BUNDLE_IDENTIFIER = "com.sikandariMariam.Movie-Swift";
				PRODUCT_NAME = "$(TARGET_NAME)";
				SWIFT_EMIT_LOC_STRINGS = YES;
				SWIFT_VERSION = 5.0;
				TARGETED_DEVICE_FAMILY = "1,2";
			};
			name = Debug;
		};
		0FE3B37C2A7554BF00C1055F /* Release */ = {
			isa = XCBuildConfiguration;
			buildSettings = {
				ASSETCATALOG_COMPILER_APPICON_NAME = AppIcon;
				ASSETCATALOG_COMPILER_GLOBAL_ACCENT_COLOR_NAME = AccentColor;
				CODE_SIGN_STYLE = Automatic;
				CURRENT_PROJECT_VERSION = 1;
				DEVELOPMENT_TEAM = CZB6KCVD66;
				GENERATE_INFOPLIST_FILE = YES;
				INFOPLIST_FILE = "Movie-Swift/Info.plist";
				INFOPLIST_KEY_UIApplicationSupportsIndirectInputEvents = YES;
				INFOPLIST_KEY_UILaunchStoryboardName = LaunchScreen;
				INFOPLIST_KEY_UISupportedInterfaceOrientations_iPad = "UIInterfaceOrientationPortrait UIInterfaceOrientationPortraitUpsideDown UIInterfaceOrientationLandscapeLeft UIInterfaceOrientationLandscapeRight";
				INFOPLIST_KEY_UISupportedInterfaceOrientations_iPhone = "UIInterfaceOrientationPortrait UIInterfaceOrientationLandscapeLeft UIInterfaceOrientationLandscapeRight";
				LD_RUNPATH_SEARCH_PATHS = (
					"$(inherited)",
					"@executable_path/Frameworks",
				);
				MARKETING_VERSION = 1.0;
				PRODUCT_BUNDLE_IDENTIFIER = "com.sikandariMariam.Movie-Swift";
				PRODUCT_NAME = "$(TARGET_NAME)";
				SWIFT_EMIT_LOC_STRINGS = YES;
				SWIFT_VERSION = 5.0;
				TARGETED_DEVICE_FAMILY = "1,2";
			};
			name = Release;
		};
/* End XCBuildConfiguration section */

/* Begin XCConfigurationList section */
		0FE3B3612A7554BD00C1055F /* Build configuration list for PBXProject "Movie-Swift" */ = {
			isa = XCConfigurationList;
			buildConfigurations = (
				0FE3B3782A7554BF00C1055F /* Debug */,
				0FE3B3792A7554BF00C1055F /* Release */,
			);
			defaultConfigurationIsVisible = 0;
			defaultConfigurationName = Release;
		};
		0FE3B37A2A7554BF00C1055F /* Build configuration list for PBXNativeTarget "Movie-Swift" */ = {
			isa = XCConfigurationList;
			buildConfigurations = (
				0FE3B37B2A7554BF00C1055F /* Debug */,
				0FE3B37C2A7554BF00C1055F /* Release */,
			);
			defaultConfigurationIsVisible = 0;
			defaultConfigurationName = Release;
		};
/* End XCConfigurationList section */
	};
	rootObject = 0FE3B35E2A7554BD00C1055F /* Project object */;
}
